
Microsoft Visual Studio Solution File, Format Version 12.00
# Visual Studio Version 16
VisualStudioVersion = 16.0.29215.179
MinimumVisualStudioVersion = 10.0.40219.1
Project("{2150E333-8FDC-42A3-9474-1A3956D46DE8}") = "Sample.netcore", "Sample.netcore", "{35139CB3-610E-4922-98AD-08A5D12BFC35}"
EndProject
Project("{9A19103F-16F7-4668-BE54-9A1E7A4F7556}") = "Senparc.Weixin.Sample.NetCore3", "Senparc.Weixin.Sample.NetCore3\Senparc.Weixin.Sample.NetCore3.csproj", "{EB4FCB9F-9670-4B03-9E9E-724AFF737FD4}"
EndProject
Project("{9A19103F-16F7-4668-BE54-9A1E7A4F7556}") = "Senparc.Weixin.NetCore3Sample.CommonService", "..\net45-mvc\Senparc.Weixin.MP.Sample.CommonService\Senparc.Weixin.NetCore3Sample.CommonService.csproj", "{EF4E5DE8-CEF7-4A3F-9686-193FF9E51A01}"
EndProject
Global
	GlobalSection(SolutionConfigurationPlatforms) = preSolution
		Debug|Any CPU = Debug|Any CPU
		Debug|x64 = Debug|x64
		Debug|x86 = Debug|x86
		Release|Any CPU = Release|Any CPU
		Release|x64 = Release|x64
		Release|x86 = Release|x86
		Test|Any CPU = Test|Any CPU
		Test|x64 = Test|x64
		Test|x86 = Test|x86
	EndGlobalSection
	GlobalSection(ProjectConfigurationPlatforms) = postSolution
		{EB4FCB9F-9670-4B03-9E9E-724AFF737FD4}.Debug|Any CPU.ActiveCfg = Debug|Any CPU
		{EB4FCB9F-9670-4B03-9E9E-724AFF737FD4}.Debug|Any CPU.Build.0 = Debug|Any CPU
		{EB4FCB9F-9670-4B03-9E9E-724AFF737FD4}.Debug|x64.ActiveCfg = Debug|Any CPU
		{EB4FCB9F-9670-4B03-9E9E-724AFF737FD4}.Debug|x64.Build.0 = Debug|Any CPU
		{EB4FCB9F-9670-4B03-9E9E-724AFF737FD4}.Debug|x86.ActiveCfg = Debug|Any CPU
		{EB4FCB9F-9670-4B03-9E9E-724AFF737FD4}.Debug|x86.Build.0 = Debug|Any CPU
		{EB4FCB9F-9670-4B03-9E9E-724AFF737FD4}.Release|Any CPU.ActiveCfg = Release|Any CPU
		{EB4FCB9F-9670-4B03-9E9E-724AFF737FD4}.Release|Any CPU.Build.0 = Release|Any CPU
		{EB4FCB9F-9670-4B03-9E9E-724AFF737FD4}.Release|x64.ActiveCfg = Release|Any CPU
		{EB4FCB9F-9670-4B03-9E9E-724AFF737FD4}.Release|x64.Build.0 = Release|Any CPU
		{EB4FCB9F-9670-4B03-9E9E-724AFF737FD4}.Release|x86.ActiveCfg = Release|Any CPU
		{EB4FCB9F-9670-4B03-9E9E-724AFF737FD4}.Release|x86.Build.0 = Release|Any CPU
		{EB4FCB9F-9670-4B03-9E9E-724AFF737FD4}.Test|Any CPU.ActiveCfg = Debug|Any CPU
		{EB4FCB9F-9670-4B03-9E9E-724AFF737FD4}.Test|Any CPU.Build.0 = Debug|Any CPU
		{EB4FCB9F-9670-4B03-9E9E-724AFF737FD4}.Test|x64.ActiveCfg = Debug|Any CPU
		{EB4FCB9F-9670-4B03-9E9E-724AFF737FD4}.Test|x64.Build.0 = Debug|Any CPU
		{EB4FCB9F-9670-4B03-9E9E-724AFF737FD4}.Test|x86.ActiveCfg = Debug|Any CPU
		{EB4FCB9F-9670-4B03-9E9E-724AFF737FD4}.Test|x86.Build.0 = Debug|Any CPU
		{EF4E5DE8-CEF7-4A3F-9686-193FF9E51A01}.Debug|Any CPU.ActiveCfg = Debug|Any CPU
		{EF4E5DE8-CEF7-4A3F-9686-193FF9E51A01}.Debug|Any CPU.Build.0 = Debug|Any CPU
		{EF4E5DE8-CEF7-4A3F-9686-193FF9E51A01}.Debug|x64.ActiveCfg = Debug|Any CPU
		{EF4E5DE8-CEF7-4A3F-9686-193FF9E51A01}.Debug|x64.Build.0 = Debug|Any CPU
		{EF4E5DE8-CEF7-4A3F-9686-193FF9E51A01}.Debug|x86.ActiveCfg = Debug|Any CPU
		{EF4E5DE8-CEF7-4A3F-9686-193FF9E51A01}.Debug|x86.Build.0 = Debug|Any CPU
		{EF4E5DE8-CEF7-4A3F-9686-193FF9E51A01}.Release|Any CPU.ActiveCfg = Release|Any CPU
		{EF4E5DE8-CEF7-4A3F-9686-193FF9E51A01}.Release|Any CPU.Build.0 = Release|Any CPU
		{EF4E5DE8-CEF7-4A3F-9686-193FF9E51A01}.Release|x64.ActiveCfg = Release|Any CPU
		{EF4E5DE8-CEF7-4A3F-9686-193FF9E51A01}.Release|x64.Build.0 = Release|Any CPU
		{EF4E5DE8-CEF7-4A3F-9686-193FF9E51A01}.Release|x86.ActiveCfg = Release|Any CPU
		{EF4E5DE8-CEF7-4A3F-9686-193FF9E51A01}.Release|x86.Build.0 = Release|Any CPU
		{EF4E5DE8-CEF7-4A3F-9686-193FF9E51A01}.Test|Any CPU.ActiveCfg = Debug|Any CPU
		{EF4E5DE8-CEF7-4A3F-9686-193FF9E51A01}.Test|Any CPU.Build.0 = Debug|Any CPU
		{EF4E5DE8-CEF7-4A3F-9686-193FF9E51A01}.Test|x64.ActiveCfg = Debug|Any CPU
		{EF4E5DE8-CEF7-4A3F-9686-193FF9E51A01}.Test|x64.Build.0 = Debug|Any CPU
		{EF4E5DE8-CEF7-4A3F-9686-193FF9E51A01}.Test|x86.ActiveCfg = Debug|Any CPU
		{EF4E5DE8-CEF7-4A3F-9686-193FF9E51A01}.Test|x86.Build.0 = Debug|Any CPU
	EndGlobalSection
	GlobalSection(SolutionProperties) = preSolution
		HideSolutionNode = FALSE
	EndGlobalSection
	GlobalSection(NestedProjects) = preSolution
		{EB4FCB9F-9670-4B03-9E9E-724AFF737FD4} = {35139CB3-610E-4922-98AD-08A5D12BFC35}
		{EF4E5DE8-CEF7-4A3F-9686-193FF9E51A01} = {35139CB3-610E-4922-98AD-08A5D12BFC35}
	EndGlobalSection
	GlobalSection(ExtensibilityGlobals) = postSolution
		SolutionGuid = {DC7AD3EC-AB37-497E-925B-DCD5129FE6D3}
	EndGlobalSection
EndGlobal
